
Microsoft Visual Studio Solution File, Format Version 12.00
# Visual Studio Version 17
VisualStudioVersion = 17.4.33403.182
MinimumVisualStudioVersion = 10.0.40219.1
Project("{FAE04EC0-301F-11D3-BF4B-00C04F79EFBC}") = "ListViewSample", "ListViewSample\ListViewSample.csproj", "{3058A6E4-BC11-424B-B881-0E04374DC82C}"
EndProject
Global
	GlobalSection(SolutionConfigurationPlatforms) = preSolution
		Debug|Any CPU = Debug|Any CPU
		Release|Any CPU = Release|Any CPU
	EndGlobalSection
	GlobalSection(ProjectConfigurationPlatforms) = postSolution
		{3058A6E4-BC11-424B-B881-0E04374DC82C}.Debug|Any CPU.ActiveCfg = Debug|Any CPU
		{3058A6E4-BC11-424B-B881-0E04374DC82C}.Debug|Any CPU.Build.0 = Debug|Any CPU
		{3058A6E4-BC11-424B-B881-0E04374DC82C}.Release|Any CPU.ActiveCfg = Release|Any CPU
		{3058A6E4-BC11-424B-B881-0E04374DC82C}.Release|Any CPU.Build.0 = Release|Any CPU
	EndGlobalSection
	GlobalSection(SolutionProperties) = preSolution
		HideSolutionNode = FALSE
	EndGlobalSection
	GlobalSection(ExtensibilityGlobals) = postSolution
		SolutionGuid = {195D4268-F114-46E6-9EA8-380A6BAB943A}
	EndGlobalSection
EndGlobal
